
Microsoft Visual Studio Solution File, Format Version 12.00
# Visual Studio Version 16
VisualStudioVersion = 16.0.29920.165
MinimumVisualStudioVersion = 10.0.40219.1
Project("{FAE04EC0-301F-11D3-BF4B-00C04F79EFBC}") = "WebApplication1", "WebApplication1.csproj", "{A9251B5F-6F6C-466A-8FF0-B090476A1359}"
EndProject
Global
	GlobalSection(SolutionConfigurationPlatforms) = preSolution
		Debug|Any CPU = Debug|Any CPU
		Release|Any CPU = Release|Any CPU
	EndGlobalSection
	GlobalSection(ProjectConfigurationPlatforms) = postSolution
		{A9251B5F-6F6C-466A-8FF0-B090476A1359}.Debug|Any CPU.ActiveCfg = Debug|Any CPU
		{A9251B5F-6F6C-466A-8FF0-B090476A1359}.Debug|Any CPU.Build.0 = Debug|Any CPU
		{A9251B5F-6F6C-466A-8FF0-B090476A1359}.Release|Any CPU.ActiveCfg = Release|Any CPU
		{A9251B5F-6F6C-466A-8FF0-B090476A1359}.Release|Any CPU.Build.0 = Release|Any CPU
	EndGlobalSection
	GlobalSection(SolutionProperties) = preSolution
		HideSolutionNode = FALSE
	EndGlobalSection
	GlobalSection(ExtensibilityGlobals) = postSolution
		SolutionGuid = {E7145D90-5E63-48F2-82A1-0B5057389DC3}
	EndGlobalSection
EndGlobal
